
Microsoft Visual Studio Solution File, Format Version 12.00
# Visual Studio Version 16
VisualStudioVersion = 16.0.30011.22
MinimumVisualStudioVersion = 10.0.40219.1
Project("{F184B08F-C81C-45F6-A57F-5ABD9991F28F}") = "Student management system", "WindowsApp1\Student management system.vbproj", "{57885380-22F3-4BF0-BDFA-71F15FF3EF27}"
EndProject
Global
	GlobalSection(SolutionConfigurationPlatforms) = preSolution
		Debug|Any CPU = Debug|Any CPU
		Release|Any CPU = Release|Any CPU
	EndGlobalSection
	GlobalSection(ProjectConfigurationPlatforms) = postSolution
		{57885380-22F3-4BF0-BDFA-71F15FF3EF27}.Debug|Any CPU.ActiveCfg = Debug|Any CPU
		{57885380-22F3-4BF0-BDFA-71F15FF3EF27}.Debug|Any CPU.Build.0 = Debug|Any CPU
		{57885380-22F3-4BF0-BDFA-71F15FF3EF27}.Release|Any CPU.ActiveCfg = Release|Any CPU
		{57885380-22F3-4BF0-BDFA-71F15FF3EF27}.Release|Any CPU.Build.0 = Release|Any CPU
	EndGlobalSection
	GlobalSection(SolutionProperties) = preSolution
		HideSolutionNode = FALSE
	EndGlobalSection
	GlobalSection(ExtensibilityGlobals) = postSolution
		SolutionGuid = {0CCB27CA-596D-4E8F-82EE-AC37E70BFDEF}
	EndGlobalSection
EndGlobal
